// !$*UTF8*$!
{
	archiveVersion = 1;
	classes = {
	};
	objectVersion = 56;
	objects = {

/* Begin PBXBuildFile section */
		6B11B98929D4862300851BDF /* YOLOv3TinyInt8LUT.mlmodel in Sources */ = {isa = PBXBuildFile; fileRef = 6B11B98829D4862300851BDF /* YOLOv3TinyInt8LUT.mlmodel */; };
		6B11B98B29D4952600851BDF /* ColorPalette.swift in Sources */ = {isa = PBXBuildFile; fileRef = 6B11B98A29D4952600851BDF /* ColorPalette.swift */; };
		6B11B98D29D4AFD800851BDF /* BoxViewModifier.swift in Sources */ = {isa = PBXBuildFile; fileRef = 6B11B98C29D4AFD800851BDF /* BoxViewModifier.swift */; };
		6B11B98F29D4B29900851BDF /* CapsuleView.swift in Sources */ = {isa = PBXBuildFile; fileRef = 6B11B98E29D4B29900851BDF /* CapsuleView.swift */; };
		6B11B99129D5D2F500851BDF /* DisplayTexts.swift in Sources */ = {isa = PBXBuildFile; fileRef = 6B11B99029D5D2F500851BDF /* DisplayTexts.swift */; };
		6B11B99329D5D54700851BDF /* DisplayTextModifier.swift in Sources */ = {isa = PBXBuildFile; fileRef = 6B11B99229D5D54700851BDF /* DisplayTextModifier.swift */; };
		6B11B99629D5EF4A00851BDF /* WelcomeDisplay.swift in Sources */ = {isa = PBXBuildFile; fileRef = 6B11B99529D5EF4A00851BDF /* WelcomeDisplay.swift */; };
		6B11B99829DA5D0E00851BDF /* ClassificationModel.mlmodel in Sources */ = {isa = PBXBuildFile; fileRef = 6B11B99729DA5D0E00851BDF /* ClassificationModel.mlmodel */; };
		6B11B99A29DCF78F00851BDF /* ClassificationModel2.mlmodel in Sources */ = {isa = PBXBuildFile; fileRef = 6B11B99929DCF78F00851BDF /* ClassificationModel2.mlmodel */; };
		6B11B99C29DE615800851BDF /* ImagePredictor.swift in Sources */ = {isa = PBXBuildFile; fileRef = 6B11B99B29DE615800851BDF /* ImagePredictor.swift */; };
		6B11B9A029DE621300851BDF /* VNClassificationObservation+confidenceString.swift in Sources */ = {isa = PBXBuildFile; fileRef = 6B11B99E29DE621300851BDF /* VNClassificationObservation+confidenceString.swift */; };
		6B11B9A129DE621300851BDF /* CGImagePropertyOrientation+UIImageOrientation.swift in Sources */ = {isa = PBXBuildFile; fileRef = 6B11B99F29DE621300851BDF /* CGImagePropertyOrientation+UIImageOrientation.swift */; };
		6B11B9A329E2338200851BDF /* modelData.swift in Sources */ = {isa = PBXBuildFile; fileRef = 6B11B9A229E2338200851BDF /* modelData.swift */; };
		6B90EBC02986FA620068B157 /* Item.swift in Sources */ = {isa = PBXBuildFile; fileRef = 6B90EBBF2986FA620068B157 /* Item.swift */; };
		6B90EBC22986FBDA0068B157 /* ModelData.swift in Sources */ = {isa = PBXBuildFile; fileRef = 6B90EBC12986FBDA0068B157 /* ModelData.swift */; };
		6B90EBCA298707C70068B157 /* itemData.json in Resources */ = {isa = PBXBuildFile; fileRef = 6B90EBC9298707C70068B157 /* itemData.json */; };
		6B90EBCE2989E9280068B157 /* Detector.swift in Sources */ = {isa = PBXBuildFile; fileRef = 6B90EBCD2989E9280068B157 /* Detector.swift */; };
		6B90EBE2299EAA930068B157 /* Classifier.swift in Sources */ = {isa = PBXBuildFile; fileRef = 6B90EBE1299EAA930068B157 /* Classifier.swift */; };
		6B90EBE4299EABA30068B157 /* CameraView.swift in Sources */ = {isa = PBXBuildFile; fileRef = 6B90EBE3299EABA30068B157 /* CameraView.swift */; };
		6B95FACE297D80DE00C68584 /* E_CycleApp.swift in Sources */ = {isa = PBXBuildFile; fileRef = 6B95FACD297D80DE00C68584 /* E_CycleApp.swift */; };
		6B95FAD0297D80DE00C68584 /* ContentView.swift in Sources */ = {isa = PBXBuildFile; fileRef = 6B95FACF297D80DE00C68584 /* ContentView.swift */; };
		6B95FAD2297D80DE00C68584 /* Assets.xcassets in Resources */ = {isa = PBXBuildFile; fileRef = 6B95FAD1297D80DE00C68584 /* Assets.xcassets */; };
		6B95FAD6297D80DE00C68584 /* Preview Assets.xcassets in Resources */ = {isa = PBXBuildFile; fileRef = 6B95FAD5297D80DE00C68584 /* Preview Assets.xcassets */; };
		6B95FAE1297E030E00C68584 /* ViewController.swift in Sources */ = {isa = PBXBuildFile; fileRef = 6B95FAE0297E030E00C68584 /* ViewController.swift */; };
		6B95FAE4297E057C00C68584 /* SplashScreenView.swift in Sources */ = {isa = PBXBuildFile; fileRef = 6B95FAE3297E057C00C68584 /* SplashScreenView.swift */; };
		6B95FAEB297E12B000C68584 /* norwester.otf in Resources */ = {isa = PBXBuildFile; fileRef = 6B95FAEA297E12B000C68584 /* norwester.otf */; };
		6BA2BC4E298373CA00F4F824 /* PopupView.swift in Sources */ = {isa = PBXBuildFile; fileRef = 6BA2BC4D298373CA00F4F824 /* PopupView.swift */; };
		6BA2BC522985BE7900F4F824 /* SheetManager.swift in Sources */ = {isa = PBXBuildFile; fileRef = 6BA2BC512985BE7900F4F824 /* SheetManager.swift */; };
		6BA2BC542985C55F00F4F824 /* PopupViewModifier.swift in Sources */ = {isa = PBXBuildFile; fileRef = 6BA2BC532985C55F00F4F824 /* PopupViewModifier.swift */; };
/* End PBXBuildFile section */

/* Begin PBXFileReference section */
		6B11B98829D4862300851BDF /* YOLOv3TinyInt8LUT.mlmodel */ = {isa = PBXFileReference; lastKnownFileType = file.mlmodel; name = YOLOv3TinyInt8LUT.mlmodel; path = ../../../../../../../Downloads/YOLOv3TinyInt8LUT.mlmodel; sourceTree = "<group>"; };
		6B11B98A29D4952600851BDF /* ColorPalette.swift */ = {isa = PBXFileReference; lastKnownFileType = sourcecode.swift; path = ColorPalette.swift; sourceTree = "<group>"; };
		6B11B98C29D4AFD800851BDF /* BoxViewModifier.swift */ = {isa = PBXFileReference; lastKnownFileType = sourcecode.swift; path = BoxViewModifier.swift; sourceTree = "<group>"; };
		6B11B98E29D4B29900851BDF /* CapsuleView.swift */ = {isa = PBXFileReference; lastKnownFileType = sourcecode.swift; path = CapsuleView.swift; sourceTree = "<group>"; };
		6B11B99029D5D2F500851BDF /* DisplayTexts.swift */ = {isa = PBXFileReference; lastKnownFileType = sourcecode.swift; path = DisplayTexts.swift; sourceTree = "<group>"; };
		6B11B99229D5D54700851BDF /* DisplayTextModifier.swift */ = {isa = PBXFileReference; lastKnownFileType = sourcecode.swift; path = DisplayTextModifier.swift; sourceTree = "<group>"; };
		6B11B99529D5EF4A00851BDF /* WelcomeDisplay.swift */ = {isa = PBXFileReference; lastKnownFileType = sourcecode.swift; path = WelcomeDisplay.swift; sourceTree = "<group>"; };
		6B11B99729DA5D0E00851BDF /* ClassificationModel.mlmodel */ = {isa = PBXFileReference; lastKnownFileType = file.mlmodel; path = ClassificationModel.mlmodel; sourceTree = "<group>"; };
		6B11B99929DCF78F00851BDF /* ClassificationModel2.mlmodel */ = {isa = PBXFileReference; lastKnownFileType = file.mlmodel; path = ClassificationModel2.mlmodel; sourceTree = "<group>"; };
		6B11B99B29DE615800851BDF /* ImagePredictor.swift */ = {isa = PBXFileReference; fileEncoding = 4; lastKnownFileType = sourcecode.swift; path = ImagePredictor.swift; sourceTree = "<group>"; };
		6B11B99E29DE621300851BDF /* VNClassificationObservation+confidenceString.swift */ = {isa = PBXFileReference; fileEncoding = 4; lastKnownFileType = sourcecode.swift; path = "VNClassificationObservation+confidenceString.swift"; sourceTree = "<group>"; };
		6B11B99F29DE621300851BDF /* CGImagePropertyOrientation+UIImageOrientation.swift */ = {isa = PBXFileReference; fileEncoding = 4; lastKnownFileType = sourcecode.swift; path = "CGImagePropertyOrientation+UIImageOrientation.swift"; sourceTree = "<group>"; };
		6B11B9A229E2338200851BDF /* modelData.swift */ = {isa = PBXFileReference; lastKnownFileType = sourcecode.swift; path = modelData.swift; sourceTree = "<group>"; };
		6B90EBBF2986FA620068B157 /* Item.swift */ = {isa = PBXFileReference; lastKnownFileType = sourcecode.swift; path = Item.swift; sourceTree = "<group>"; };
		6B90EBC12986FBDA0068B157 /* ModelData.swift */ = {isa = PBXFileReference; lastKnownFileType = sourcecode.swift; path = ModelData.swift; sourceTree = "<group>"; };
		6B90EBC9298707C70068B157 /* itemData.json */ = {isa = PBXFileReference; fileEncoding = 4; lastKnownFileType = text.json; path = itemData.json; sourceTree = "<group>"; };
		6B90EBCD2989E9280068B157 /* Detector.swift */ = {isa = PBXFileReference; lastKnownFileType = sourcecode.swift; path = Detector.swift; sourceTree = "<group>"; };
		6B90EBE1299EAA930068B157 /* Classifier.swift */ = {isa = PBXFileReference; lastKnownFileType = sourcecode.swift; path = Classifier.swift; sourceTree = "<group>"; };
		6B90EBE3299EABA30068B157 /* CameraView.swift */ = {isa = PBXFileReference; lastKnownFileType = sourcecode.swift; path = CameraView.swift; sourceTree = "<group>"; };
		6B95FACA297D80DE00C68584 /* E-Cycle.app */ = {isa = PBXFileReference; explicitFileType = wrapper.application; includeInIndex = 0; path = "E-Cycle.app"; sourceTree = BUILT_PRODUCTS_DIR; };
		6B95FACD297D80DE00C68584 /* E_CycleApp.swift */ = {isa = PBXFileReference; lastKnownFileType = sourcecode.swift; path = E_CycleApp.swift; sourceTree = "<group>"; };
		6B95FACF297D80DE00C68584 /* ContentView.swift */ = {isa = PBXFileReference; lastKnownFileType = sourcecode.swift; path = ContentView.swift; sourceTree = "<group>"; };
		6B95FAD1297D80DE00C68584 /* Assets.xcassets */ = {isa = PBXFileReference; lastKnownFileType = folder.assetcatalog; path = Assets.xcassets; sourceTree = "<group>"; };
		6B95FAD3297D80DE00C68584 /* E_Cycle.entitlements */ = {isa = PBXFileReference; lastKnownFileType = text.plist.entitlements; path = E_Cycle.entitlements; sourceTree = "<group>"; };
		6B95FAD5297D80DE00C68584 /* Preview Assets.xcassets */ = {isa = PBXFileReference; lastKnownFileType = folder.assetcatalog; path = "Preview Assets.xcassets"; sourceTree = "<group>"; };
		6B95FAE0297E030E00C68584 /* ViewController.swift */ = {isa = PBXFileReference; lastKnownFileType = sourcecode.swift; path = ViewController.swift; sourceTree = "<group>"; };
		6B95FAE2297E04C200C68584 /* Info.plist */ = {isa = PBXFileReference; lastKnownFileType = text.plist; path = Info.plist; sourceTree = "<group>"; };
		6B95FAE3297E057C00C68584 /* SplashScreenView.swift */ = {isa = PBXFileReference; lastKnownFileType = sourcecode.swift; path = SplashScreenView.swift; sourceTree = "<group>"; };
		6B95FAEA297E12B000C68584 /* norwester.otf */ = {isa = PBXFileReference; lastKnownFileType = file; path = norwester.otf; sourceTree = "<group>"; };
		6BA2BC4D298373CA00F4F824 /* PopupView.swift */ = {isa = PBXFileReference; lastKnownFileType = sourcecode.swift; path = PopupView.swift; sourceTree = "<group>"; };
		6BA2BC512985BE7900F4F824 /* SheetManager.swift */ = {isa = PBXFileReference; lastKnownFileType = sourcecode.swift; path = SheetManager.swift; sourceTree = "<group>"; };
		6BA2BC532985C55F00F4F824 /* PopupViewModifier.swift */ = {isa = PBXFileReference; lastKnownFileType = sourcecode.swift; path = PopupViewModifier.swift; sourceTree = "<group>"; };
/* End PBXFileReference section */

/* Begin PBXFrameworksBuildPhase section */
		6B95FAC7297D80DE00C68584 /* Frameworks */ = {
			isa = PBXFrameworksBuildPhase;
			buildActionMask = 2147483647;
			files = (
			);
			runOnlyForDeploymentPostprocessing = 0;
		};
/* End PBXFrameworksBuildPhase section */

/* Begin PBXGroup section */
		6B11B99429D5D55D00851BDF /* DisplayText */ = {
			isa = PBXGroup;
			children = (
				6B11B99029D5D2F500851BDF /* DisplayTexts.swift */,
				6B11B99229D5D54700851BDF /* DisplayTextModifier.swift */,
				6B11B99529D5EF4A00851BDF /* WelcomeDisplay.swift */,
			);
			path = DisplayText;
			sourceTree = "<group>";
		};
		6B11B99D29DE621300851BDF /* Extensions */ = {
			isa = PBXGroup;
			children = (
				6B11B99E29DE621300851BDF /* VNClassificationObservation+confidenceString.swift */,
				6B11B99F29DE621300851BDF /* CGImagePropertyOrientation+UIImageOrientation.swift */,
			);
			path = Extensions;
			sourceTree = "<group>";
		};
		6B90EBC32986FD450068B157 /* Model */ = {
			isa = PBXGroup;
			children = (
				6B90EBBF2986FA620068B157 /* Item.swift */,
				6B90EBC12986FBDA0068B157 /* ModelData.swift */,
			);
			path = Model;
			sourceTree = "<group>";
		};
		6B90EBC4298705900068B157 /* Resources */ = {
			isa = PBXGroup;
			children = (
				6B90EBC9298707C70068B157 /* itemData.json */,
				6B11B9A229E2338200851BDF /* modelData.swift */,
			);
			path = Resources;
			sourceTree = "<group>";
		};
		6B90EBCF2989E9590068B157 /* Camera */ = {
			isa = PBXGroup;
			children = (
				6B95FAE0297E030E00C68584 /* ViewController.swift */,
				6B90EBE5299FB74E0068B157 /* Detection */,
				6B90EBE6299FB7660068B157 /* Classification */,
			);
			path = Camera;
			sourceTree = "<group>";
		};
		6B90EBE5299FB74E0068B157 /* Detection */ = {
			isa = PBXGroup;
			children = (
				6B90EBCD2989E9280068B157 /* Detector.swift */,
				6B11B98829D4862300851BDF /* YOLOv3TinyInt8LUT.mlmodel */,
			);
			path = Detection;
			sourceTree = "<group>";
		};
		6B90EBE6299FB7660068B157 /* Classification */ = {
			isa = PBXGroup;
			children = (
				6B11B99B29DE615800851BDF /* ImagePredictor.swift */,
				6B90EBE1299EAA930068B157 /* Classifier.swift */,
				6B11B99729DA5D0E00851BDF /* ClassificationModel.mlmodel */,
				6B11B99929DCF78F00851BDF /* ClassificationModel2.mlmodel */,
			);
			path = Classification;
			sourceTree = "<group>";
		};
		6B90EBE7299FB7BE0068B157 /* Popup */ = {
			isa = PBXGroup;
			children = (
				6BA2BC4D298373CA00F4F824 /* PopupView.swift */,
				6B11B98E29D4B29900851BDF /* CapsuleView.swift */,
				6BA2BC512985BE7900F4F824 /* SheetManager.swift */,
				6BA2BC532985C55F00F4F824 /* PopupViewModifier.swift */,
				6B11B98C29D4AFD800851BDF /* BoxViewModifier.swift */,
			);
			path = Popup;
			sourceTree = "<group>";
		};
		6B90EBE8299FB8100068B157 /* Item */ = {
			isa = PBXGroup;
			children = (
				6B90EBC32986FD450068B157 /* Model */,
				6B90EBC4298705900068B157 /* Resources */,
			);
			path = Item;
			sourceTree = "<group>";
		};
		6B90EBE929A12ED00068B157 /* Views */ = {
			isa = PBXGroup;
			children = (
				6B95FAE3297E057C00C68584 /* SplashScreenView.swift */,
				6B90EBE3299EABA30068B157 /* CameraView.swift */,
				6B95FACF297D80DE00C68584 /* ContentView.swift */,
			);
			path = Views;
			sourceTree = "<group>";
		};
		6B95FAC1297D80DE00C68584 = {
			isa = PBXGroup;
			children = (
				6B95FAEA297E12B000C68584 /* norwester.otf */,
				6B95FACC297D80DE00C68584 /* E-Cycle */,
				6B95FACB297D80DE00C68584 /* Products */,
			);
			sourceTree = "<group>";
		};
		6B95FACB297D80DE00C68584 /* Products */ = {
			isa = PBXGroup;
			children = (
				6B95FACA297D80DE00C68584 /* E-Cycle.app */,
			);
			name = Products;
			sourceTree = "<group>";
		};
		6B95FACC297D80DE00C68584 /* E-Cycle */ = {
			isa = PBXGroup;
			children = (
				6B95FAE2297E04C200C68584 /* Info.plist */,
				6B95FACD297D80DE00C68584 /* E_CycleApp.swift */,
				6B11B98A29D4952600851BDF /* ColorPalette.swift */,
				6B90EBE929A12ED00068B157 /* Views */,
				6B11B99429D5D55D00851BDF /* DisplayText */,
				6B90EBE8299FB8100068B157 /* Item */,
				6B90EBE7299FB7BE0068B157 /* Popup */,
				6B11B99D29DE621300851BDF /* Extensions */,
				6B90EBCF2989E9590068B157 /* Camera */,
				6B95FAD1297D80DE00C68584 /* Assets.xcassets */,
				6B95FAD3297D80DE00C68584 /* E_Cycle.entitlements */,
				6B95FAD4297D80DE00C68584 /* Preview Content */,
			);
			path = "E-Cycle";
			sourceTree = "<group>";
		};
		6B95FAD4297D80DE00C68584 /* Preview Content */ = {
			isa = PBXGroup;
			children = (
				6B95FAD5297D80DE00C68584 /* Preview Assets.xcassets */,
			);
			path = "Preview Content";
			sourceTree = "<group>";
		};
/* End PBXGroup section */

/* Begin PBXNativeTarget section */
		6B95FAC9297D80DE00C68584 /* E-Cycle */ = {
			isa = PBXNativeTarget;
			buildConfigurationList = 6B95FAD9297D80DE00C68584 /* Build configuration list for PBXNativeTarget "E-Cycle" */;
			buildPhases = (
				6B95FAC6297D80DE00C68584 /* Sources */,
				6B95FAC7297D80DE00C68584 /* Frameworks */,
				6B95FAC8297D80DE00C68584 /* Resources */,
			);
			buildRules = (
			);
			dependencies = (
			);
			name = "E-Cycle";
			packageProductDependencies = (
			);
			productName = "E-Cycle";
			productReference = 6B95FACA297D80DE00C68584 /* E-Cycle.app */;
			productType = "com.apple.product-type.application";
		};
/* End PBXNativeTarget section */

/* Begin PBXProject section */
		6B95FAC2297D80DE00C68584 /* Project object */ = {
			isa = PBXProject;
			attributes = {
				BuildIndependentTargetsInParallel = 1;
				LastSwiftUpdateCheck = 1420;
				LastUpgradeCheck = 1420;
				TargetAttributes = {
					6B95FAC9297D80DE00C68584 = {
						CreatedOnToolsVersion = 14.2;
					};
				};
			};
			buildConfigurationList = 6B95FAC5297D80DE00C68584 /* Build configuration list for PBXProject "E-Cycle" */;
			compatibilityVersion = "Xcode 14.0";
			developmentRegion = en;
			hasScannedForEncodings = 0;
			knownRegions = (
				en,
				Base,
			);
			mainGroup = 6B95FAC1297D80DE00C68584;
			packageReferences = (
			);
			productRefGroup = 6B95FACB297D80DE00C68584 /* Products */;
			projectDirPath = "";
			projectRoot = "";
			targets = (
				6B95FAC9297D80DE00C68584 /* E-Cycle */,
			);
		};
/* End PBXProject section */

/* Begin PBXResourcesBuildPhase section */
		6B95FAC8297D80DE00C68584 /* Resources */ = {
			isa = PBXResourcesBuildPhase;
			buildActionMask = 2147483647;
			files = (
				6B95FAD6297D80DE00C68584 /* Preview Assets.xcassets in Resources */,
				6B95FAD2297D80DE00C68584 /* Assets.xcassets in Resources */,
				6B90EBCA298707C70068B157 /* itemData.json in Resources */,
				6B95FAEB297E12B000C68584 /* norwester.otf in Resources */,
			);
			runOnlyForDeploymentPostprocessing = 0;
		};
/* End PBXResourcesBuildPhase section */

/* Begin PBXSourcesBuildPhase section */
		6B95FAC6297D80DE00C68584 /* Sources */ = {
			isa = PBXSourcesBuildPhase;
			buildActionMask = 2147483647;
			files = (
				6B90EBE2299EAA930068B157 /* Classifier.swift in Sources */,
				6B90EBC02986FA620068B157 /* Item.swift in Sources */,
				6B11B99A29DCF78F00851BDF /* ClassificationModel2.mlmodel in Sources */,
				6B11B9A029DE621300851BDF /* VNClassificationObservation+confidenceString.swift in Sources */,
				6B11B9A129DE621300851BDF /* CGImagePropertyOrientation+UIImageOrientation.swift in Sources */,
				6B11B99829DA5D0E00851BDF /* ClassificationModel.mlmodel in Sources */,
				6BA2BC542985C55F00F4F824 /* PopupViewModifier.swift in Sources */,
				6B11B98D29D4AFD800851BDF /* BoxViewModifier.swift in Sources */,
				6B11B98F29D4B29900851BDF /* CapsuleView.swift in Sources */,
				6B95FAE1297E030E00C68584 /* ViewController.swift in Sources */,
				6B11B9A329E2338200851BDF /* modelData.swift in Sources */,
				6BA2BC522985BE7900F4F824 /* SheetManager.swift in Sources */,
				6B11B98929D4862300851BDF /* YOLOv3TinyInt8LUT.mlmodel in Sources */,
				6B90EBE4299EABA30068B157 /* CameraView.swift in Sources */,
				6B11B99129D5D2F500851BDF /* DisplayTexts.swift in Sources */,
				6B11B99629D5EF4A00851BDF /* WelcomeDisplay.swift in Sources */,
				6B11B98B29D4952600851BDF /* ColorPalette.swift in Sources */,
				6B95FAD0297D80DE00C68584 /* ContentView.swift in Sources */,
				6B90EBCE2989E9280068B157 /* Detector.swift in Sources */,
				6B11B99C29DE615800851BDF /* ImagePredictor.swift in Sources */,
				6B95FACE297D80DE00C68584 /* E_CycleApp.swift in Sources */,
				6B90EBC22986FBDA0068B157 /* ModelData.swift in Sources */,
				6BA2BC4E298373CA00F4F824 /* PopupView.swift in Sources */,
				6B11B99329D5D54700851BDF /* DisplayTextModifier.swift in Sources */,
				6B95FAE4297E057C00C68584 /* SplashScreenView.swift in Sources */,
			);
			runOnlyForDeploymentPostprocessing = 0;
		};
/* End PBXSourcesBuildPhase section */

/* Begin XCBuildConfiguration section */
		6B95FAD7297D80DE00C68584 /* Debug */ = {
			isa = XCBuildConfiguration;
			buildSettings = {
				ALWAYS_SEARCH_USER_PATHS = NO;
				CLANG_ANALYZER_NONNULL = YES;
				CLANG_ANALYZER_NUMBER_OBJECT_CONVERSION = YES_AGGRESSIVE;
				CLANG_CXX_LANGUAGE_STANDARD = "gnu++20";
				CLANG_ENABLE_MODULES = YES;
				CLANG_ENABLE_OBJC_ARC = YES;
				CLANG_ENABLE_OBJC_WEAK = YES;
				CLANG_WARN_BLOCK_CAPTURE_AUTORELEASING = YES;
				CLANG_WARN_BOOL_CONVERSION = YES;
				CLANG_WARN_COMMA = YES;
				CLANG_WARN_CONSTANT_CONVERSION = YES;
				CLANG_WARN_DEPRECATED_OBJC_IMPLEMENTATIONS = YES;
				CLANG_WARN_DIRECT_OBJC_ISA_USAGE = YES_ERROR;
				CLANG_WARN_DOCUMENTATION_COMMENTS = YES;
				CLANG_WARN_EMPTY_BODY = YES;
				CLANG_WARN_ENUM_CONVERSION = YES;
				CLANG_WARN_INFINITE_RECURSION = YES;
				CLANG_WARN_INT_CONVERSION = YES;
				CLANG_WARN_NON_LITERAL_NULL_CONVERSION = YES;
				CLANG_WARN_OBJC_IMPLICIT_RETAIN_SELF = YES;
				CLANG_WARN_OBJC_LITERAL_CONVERSION = YES;
				CLANG_WARN_OBJC_ROOT_CLASS = YES_ERROR;
				CLANG_WARN_QUOTED_INCLUDE_IN_FRAMEWORK_HEADER = YES;
				CLANG_WARN_RANGE_LOOP_ANALYSIS = YES;
				CLANG_WARN_STRICT_PROTOTYPES = YES;
				CLANG_WARN_SUSPICIOUS_MOVE = YES;
				CLANG_WARN_UNGUARDED_AVAILABILITY = YES_AGGRESSIVE;
				CLANG_WARN_UNREACHABLE_CODE = YES;
				CLANG_WARN__DUPLICATE_METHOD_MATCH = YES;
				COPY_PHASE_STRIP = NO;
				DEBUG_INFORMATION_FORMAT = dwarf;
				ENABLE_STRICT_OBJC_MSGSEND = YES;
				ENABLE_TESTABILITY = YES;
				GCC_C_LANGUAGE_STANDARD = gnu11;
				GCC_DYNAMIC_NO_PIC = NO;
				GCC_NO_COMMON_BLOCKS = YES;
				GCC_OPTIMIZATION_LEVEL = 0;
				GCC_PREPROCESSOR_DEFINITIONS = (
					"DEBUG=1",
					"$(inherited)",
				);
				GCC_WARN_64_TO_32_BIT_CONVERSION = YES;
				GCC_WARN_ABOUT_RETURN_TYPE = YES_ERROR;
				GCC_WARN_UNDECLARED_SELECTOR = YES;
				GCC_WARN_UNINITIALIZED_AUTOS = YES_AGGRESSIVE;
				GCC_WARN_UNUSED_FUNCTION = YES;
				GCC_WARN_UNUSED_VARIABLE = YES;
				MTL_ENABLE_DEBUG_INFO = INCLUDE_SOURCE;
				MTL_FAST_MATH = YES;
				ONLY_ACTIVE_ARCH = YES;
				SWIFT_ACTIVE_COMPILATION_CONDITIONS = DEBUG;
				SWIFT_OPTIMIZATION_LEVEL = "-Onone";
			};
			name = Debug;
		};
		6B95FAD8297D80DE00C68584 /* Release */ = {
			isa = XCBuildConfiguration;
			buildSettings = {
				ALWAYS_SEARCH_USER_PATHS = NO;
				CLANG_ANALYZER_NONNULL = YES;
				CLANG_ANALYZER_NUMBER_OBJECT_CONVERSION = YES_AGGRESSIVE;
				CLANG_CXX_LANGUAGE_STANDARD = "gnu++20";
				CLANG_ENABLE_MODULES = YES;
				CLANG_ENABLE_OBJC_ARC = YES;
				CLANG_ENABLE_OBJC_WEAK = YES;
				CLANG_WARN_BLOCK_CAPTURE_AUTORELEASING = YES;
				CLANG_WARN_BOOL_CONVERSION = YES;
				CLANG_WARN_COMMA = YES;
				CLANG_WARN_CONSTANT_CONVERSION = YES;
				CLANG_WARN_DEPRECATED_OBJC_IMPLEMENTATIONS = YES;
				CLANG_WARN_DIRECT_OBJC_ISA_USAGE = YES_ERROR;
				CLANG_WARN_DOCUMENTATION_COMMENTS = YES;
				CLANG_WARN_EMPTY_BODY = YES;
				CLANG_WARN_ENUM_CONVERSION = YES;
				CLANG_WARN_INFINITE_RECURSION = YES;
				CLANG_WARN_INT_CONVERSION = YES;
				CLANG_WARN_NON_LITERAL_NULL_CONVERSION = YES;
				CLANG_WARN_OBJC_IMPLICIT_RETAIN_SELF = YES;
				CLANG_WARN_OBJC_LITERAL_CONVERSION = YES;
				CLANG_WARN_OBJC_ROOT_CLASS = YES_ERROR;
				CLANG_WARN_QUOTED_INCLUDE_IN_FRAMEWORK_HEADER = YES;
				CLANG_WARN_RANGE_LOOP_ANALYSIS = YES;
				CLANG_WARN_STRICT_PROTOTYPES = YES;
				CLANG_WARN_SUSPICIOUS_MOVE = YES;
				CLANG_WARN_UNGUARDED_AVAILABILITY = YES_AGGRESSIVE;
				CLANG_WARN_UNREACHABLE_CODE = YES;
				CLANG_WARN__DUPLICATE_METHOD_MATCH = YES;
				COPY_PHASE_STRIP = NO;
				DEBUG_INFORMATION_FORMAT = "dwarf-with-dsym";
				ENABLE_NS_ASSERTIONS = NO;
				ENABLE_STRICT_OBJC_MSGSEND = YES;
				GCC_C_LANGUAGE_STANDARD = gnu11;
				GCC_NO_COMMON_BLOCKS = YES;
				GCC_WARN_64_TO_32_BIT_CONVERSION = YES;
				GCC_WARN_ABOUT_RETURN_TYPE = YES_ERROR;
				GCC_WARN_UNDECLARED_SELECTOR = YES;
				GCC_WARN_UNINITIALIZED_AUTOS = YES_AGGRESSIVE;
				GCC_WARN_UNUSED_FUNCTION = YES;
				GCC_WARN_UNUSED_VARIABLE = YES;
				MTL_ENABLE_DEBUG_INFO = NO;
				MTL_FAST_MATH = YES;
				SWIFT_COMPILATION_MODE = wholemodule;
				SWIFT_OPTIMIZATION_LEVEL = "-O";
			};
			name = Release;
		};
		6B95FADA297D80DE00C68584 /* Debug */ = {
			isa = XCBuildConfiguration;
			buildSettings = {
				ASSETCATALOG_COMPILER_APPICON_NAME = AppIcon;
				ASSETCATALOG_COMPILER_GLOBAL_ACCENT_COLOR_NAME = AccentColor;
				CODE_SIGN_ENTITLEMENTS = "E-Cycle/E_Cycle.entitlements";
				CODE_SIGN_STYLE = Automatic;
				CURRENT_PROJECT_VERSION = 1;
				DEVELOPMENT_ASSET_PATHS = "\"E-Cycle/Preview Content\"";
				DEVELOPMENT_TEAM = FVNB837X84;
				ENABLE_PREVIEWS = YES;
				GENERATE_INFOPLIST_FILE = YES;
				INFOPLIST_FILE = "E-Cycle/Info.plist";
				INFOPLIST_KEY_CFBundleDisplayName = "E-Cycle";
				INFOPLIST_KEY_LSApplicationCategoryType = "public.app-category.lifestyle";
				INFOPLIST_KEY_NSCameraUsageDescription = "App uses camera to detect objects.";
				"INFOPLIST_KEY_UIApplicationSceneManifest_Generation[sdk=iphoneos*]" = YES;
				"INFOPLIST_KEY_UIApplicationSceneManifest_Generation[sdk=iphonesimulator*]" = YES;
				"INFOPLIST_KEY_UIApplicationSupportsIndirectInputEvents[sdk=iphoneos*]" = YES;
				"INFOPLIST_KEY_UIApplicationSupportsIndirectInputEvents[sdk=iphonesimulator*]" = YES;
				"INFOPLIST_KEY_UILaunchScreen_Generation[sdk=iphoneos*]" = YES;
				"INFOPLIST_KEY_UILaunchScreen_Generation[sdk=iphonesimulator*]" = YES;
				"INFOPLIST_KEY_UIStatusBarStyle[sdk=iphoneos*]" = UIStatusBarStyleDefault;
				"INFOPLIST_KEY_UIStatusBarStyle[sdk=iphonesimulator*]" = UIStatusBarStyleDefault;
				INFOPLIST_KEY_UISupportedInterfaceOrientations_iPad = "UIInterfaceOrientationPortrait UIInterfaceOrientationPortraitUpsideDown UIInterfaceOrientationLandscapeLeft UIInterfaceOrientationLandscapeRight";
				INFOPLIST_KEY_UISupportedInterfaceOrientations_iPhone = "UIInterfaceOrientationPortrait UIInterfaceOrientationLandscapeLeft UIInterfaceOrientationLandscapeRight";
				IPHONEOS_DEPLOYMENT_TARGET = 15.0;
				LD_RUNPATH_SEARCH_PATHS = "@executable_path/Frameworks";
				"LD_RUNPATH_SEARCH_PATHS[sdk=macosx*]" = "@executable_path/../Frameworks";
				MACOSX_DEPLOYMENT_TARGET = "$(RECOMMENDED_MACOSX_DEPLOYMENT_TARGET)";
				MARKETING_VERSION = 1.0;
				PRODUCT_BUNDLE_IDENTIFIER = "Ashok-Saravanan.E-Cycle";
				PRODUCT_NAME = "$(TARGET_NAME)";
				SDKROOT = auto;
				SUPPORTED_PLATFORMS = "iphoneos iphonesimulator macosx";
				SWIFT_EMIT_LOC_STRINGS = YES;
				SWIFT_VERSION = 5.0;
				TARGETED_DEVICE_FAMILY = "1,2";
			};
			name = Debug;
		};
		6B95FADB297D80DE00C68584 /* Release */ = {
			isa = XCBuildConfiguration;
			buildSettings = {
				ASSETCATALOG_COMPILER_APPICON_NAME = AppIcon;
				ASSETCATALOG_COMPILER_GLOBAL_ACCENT_COLOR_NAME = AccentColor;
				CODE_SIGN_ENTITLEMENTS = "E-Cycle/E_Cycle.entitlements";
				CODE_SIGN_STYLE = Automatic;
				CURRENT_PROJECT_VERSION = 1;
				DEVELOPMENT_ASSET_PATHS = "\"E-Cycle/Preview Content\"";
				DEVELOPMENT_TEAM = FVNB837X84;
				ENABLE_PREVIEWS = YES;
				GENERATE_INFOPLIST_FILE = YES;
				INFOPLIST_FILE = "E-Cycle/Info.plist";
				INFOPLIST_KEY_CFBundleDisplayName = "E-Cycle";
				INFOPLIST_KEY_LSApplicationCategoryType = "public.app-category.lifestyle";
				INFOPLIST_KEY_NSCameraUsageDescription = "App uses camera to detect objects.";
				"INFOPLIST_KEY_UIApplicationSceneManifest_Generation[sdk=iphoneos*]" = YES;
				"INFOPLIST_KEY_UIApplicationSceneManifest_Generation[sdk=iphonesimulator*]" = YES;
				"INFOPLIST_KEY_UIApplicationSupportsIndirectInputEvents[sdk=iphoneos*]" = YES;
				"INFOPLIST_KEY_UIApplicationSupportsIndirectInputEvents[sdk=iphonesimulator*]" = YES;
				"INFOPLIST_KEY_UILaunchScreen_Generation[sdk=iphoneos*]" = YES;
				"INFOPLIST_KEY_UILaunchScreen_Generation[sdk=iphonesimulator*]" = YES;
				"INFOPLIST_KEY_UIStatusBarStyle[sdk=iphoneos*]" = UIStatusBarStyleDefault;
				"INFOPLIST_KEY_UIStatusBarStyle[sdk=iphonesimulator*]" = UIStatusBarStyleDefault;
				INFOPLIST_KEY_UISupportedInterfaceOrientations_iPad = "UIInterfaceOrientationPortrait UIInterfaceOrientationPortraitUpsideDown UIInterfaceOrientationLandscapeLeft UIInterfaceOrientationLandscapeRight";
				INFOPLIST_KEY_UISupportedInterfaceOrientations_iPhone = "UIInterfaceOrientationPortrait UIInterfaceOrientationLandscapeLeft UIInterfaceOrientationLandscapeRight";
				IPHONEOS_DEPLOYMENT_TARGET = 15.0;
				LD_RUNPATH_SEARCH_PATHS = "@executable_path/Frameworks";
				"LD_RUNPATH_SEARCH_PATHS[sdk=macosx*]" = "@executable_path/../Frameworks";
				MACOSX_DEPLOYMENT_TARGET = "$(RECOMMENDED_MACOSX_DEPLOYMENT_TARGET)";
				MARKETING_VERSION = 1.0;
				PRODUCT_BUNDLE_IDENTIFIER = "Ashok-Saravanan.E-Cycle";
				PRODUCT_NAME = "$(TARGET_NAME)";
				SDKROOT = auto;
				SUPPORTED_PLATFORMS = "iphoneos iphonesimulator macosx";
				SWIFT_EMIT_LOC_STRINGS = YES;
				SWIFT_VERSION = 5.0;
				TARGETED_DEVICE_FAMILY = "1,2";
			};
			name = Release;
		};
/* End XCBuildConfiguration section */

/* Begin XCConfigurationList section */
		6B95FAC5297D80DE00C68584 /* Build configuration list for PBXProject "E-Cycle" */ = {
			isa = XCConfigurationList;
			buildConfigurations = (
				6B95FAD7297D80DE00C68584 /* Debug */,
				6B95FAD8297D80DE00C68584 /* Release */,
			);
			defaultConfigurationIsVisible = 0;
			defaultConfigurationName = Release;
		};
		6B95FAD9297D80DE00C68584 /* Build configuration list for PBXNativeTarget "E-Cycle" */ = {
			isa = XCConfigurationList;
			buildConfigurations = (
				6B95FADA297D80DE00C68584 /* Debug */,
				6B95FADB297D80DE00C68584 /* Release */,
			);
			defaultConfigurationIsVisible = 0;
			defaultConfigurationName = Release;
		};
/* End XCConfigurationList section */
	};
	rootObject = 6B95FAC2297D80DE00C68584 /* Project object */;
}
